
Microsoft Visual Studio Solution File, Format Version 12.00
# Visual Studio Version 16
VisualStudioVersion = 16.0.30611.23
MinimumVisualStudioVersion = 10.0.40219.1
Project("{FAE04EC0-301F-11D3-BF4B-00C04F79EFBC}") = "Negrea_Georgiana_Lab2", "Negrea_Georgiana_Lab2.csproj", "{9E7A93DE-0A81-4ED1-BFAE-38085E05A9FE}"
EndProject
Global
	GlobalSection(SolutionConfigurationPlatforms) = preSolution
		Debug|Any CPU = Debug|Any CPU
		Release|Any CPU = Release|Any CPU
	EndGlobalSection
	GlobalSection(ProjectConfigurationPlatforms) = postSolution
		{9E7A93DE-0A81-4ED1-BFAE-38085E05A9FE}.Debug|Any CPU.ActiveCfg = Debug|Any CPU
		{9E7A93DE-0A81-4ED1-BFAE-38085E05A9FE}.Debug|Any CPU.Build.0 = Debug|Any CPU
		{9E7A93DE-0A81-4ED1-BFAE-38085E05A9FE}.Release|Any CPU.ActiveCfg = Release|Any CPU
		{9E7A93DE-0A81-4ED1-BFAE-38085E05A9FE}.Release|Any CPU.Build.0 = Release|Any CPU
	EndGlobalSection
	GlobalSection(SolutionProperties) = preSolution
		HideSolutionNode = FALSE
	EndGlobalSection
	GlobalSection(ExtensibilityGlobals) = postSolution
		SolutionGuid = {47203BA7-976D-42A3-B5FC-743CF666D530}
	EndGlobalSection
EndGlobal
